// !$*UTF8*$!
{
	archiveVersion = 1;
	classes = {
	};
	objectVersion = 50;
	objects = {

/* Begin PBXBuildFile section */
		3FE7E0D72328E013001AE272 /* AppDelegate.swift in Sources */ = {isa = PBXBuildFile; fileRef = 3FE7E0D62328E013001AE272 /* AppDelegate.swift */; };
		3FE7E0D92328E013001AE272 /* ViewController.swift in Sources */ = {isa = PBXBuildFile; fileRef = 3FE7E0D82328E013001AE272 /* ViewController.swift */; };
		3FE7E0DC2328E013001AE272 /* Main.storyboard in Resources */ = {isa = PBXBuildFile; fileRef = 3FE7E0DA2328E013001AE272 /* Main.storyboard */; };
		3FE7E0DE2328E015001AE272 /* Assets.xcassets in Resources */ = {isa = PBXBuildFile; fileRef = 3FE7E0DD2328E015001AE272 /* Assets.xcassets */; };
		3FE7E0E12328E015001AE272 /* LaunchScreen.storyboard in Resources */ = {isa = PBXBuildFile; fileRef = 3FE7E0DF2328E015001AE272 /* LaunchScreen.storyboard */; };
		3FE7E0EC2328ECA7001AE272 /* Store.swift in Sources */ = {isa = PBXBuildFile; fileRef = 3FE7E0EB2328ECA7001AE272 /* Store.swift */; };
		3FE7E0EE2328ECD3001AE272 /* AccountsVC.swift in Sources */ = {isa = PBXBuildFile; fileRef = 3FE7E0ED2328ECD3001AE272 /* AccountsVC.swift */; };
		3FE7E0F02328ECDF001AE272 /* AccountDetailVC.swift in Sources */ = {isa = PBXBuildFile; fileRef = 3FE7E0EF2328ECDF001AE272 /* AccountDetailVC.swift */; };
		3FE7E0F32328F0AC001AE272 /* StateEnvironnement.swift in Sources */ = {isa = PBXBuildFile; fileRef = 3FE7E0F22328F0AC001AE272 /* StateEnvironnement.swift */; };
		3FE7E0F52328F3E2001AE272 /* BankInfos.swift in Sources */ = {isa = PBXBuildFile; fileRef = 3FE7E0F42328F3E2001AE272 /* BankInfos.swift */; };
		3FE7E0F72328F540001AE272 /* VMAccountsDisplay.swift in Sources */ = {isa = PBXBuildFile; fileRef = 3FE7E0F62328F540001AE272 /* VMAccountsDisplay.swift */; };
		3FE7E0F9232911A4001AE272 /* Int+Bool.swift in Sources */ = {isa = PBXBuildFile; fileRef = 3FE7E0F8232911A4001AE272 /* Int+Bool.swift */; };
		3FE7E0FC23292F53001AE272 /* BankCell.swift in Sources */ = {isa = PBXBuildFile; fileRef = 3FE7E0FB23292F53001AE272 /* BankCell.swift */; };
		3FE7E0FE2329374A001AE272 /* AccountCell.swift in Sources */ = {isa = PBXBuildFile; fileRef = 3FE7E0FD2329374A001AE272 /* AccountCell.swift */; };
/* End PBXBuildFile section */

/* Begin PBXFileReference section */
		3FE7E0D32328E013001AE272 /* Bank.app */ = {isa = PBXFileReference; explicitFileType = wrapper.application; includeInIndex = 0; path = Bank.app; sourceTree = BUILT_PRODUCTS_DIR; };
		3FE7E0D62328E013001AE272 /* AppDelegate.swift */ = {isa = PBXFileReference; lastKnownFileType = sourcecode.swift; path = AppDelegate.swift; sourceTree = "<group>"; };
		3FE7E0D82328E013001AE272 /* ViewController.swift */ = {isa = PBXFileReference; lastKnownFileType = sourcecode.swift; path = ViewController.swift; sourceTree = "<group>"; };
		3FE7E0DB2328E013001AE272 /* Base */ = {isa = PBXFileReference; lastKnownFileType = file.storyboard; name = Base; path = Base.lproj/Main.storyboard; sourceTree = "<group>"; };
		3FE7E0DD2328E015001AE272 /* Assets.xcassets */ = {isa = PBXFileReference; lastKnownFileType = folder.assetcatalog; path = Assets.xcassets; sourceTree = "<group>"; };
		3FE7E0E02328E015001AE272 /* Base */ = {isa = PBXFileReference; lastKnownFileType = file.storyboard; name = Base; path = Base.lproj/LaunchScreen.storyboard; sourceTree = "<group>"; };
		3FE7E0E22328E015001AE272 /* Info.plist */ = {isa = PBXFileReference; lastKnownFileType = text.plist.xml; path = Info.plist; sourceTree = "<group>"; };
		3FE7E0EB2328ECA7001AE272 /* Store.swift */ = {isa = PBXFileReference; lastKnownFileType = sourcecode.swift; path = Store.swift; sourceTree = "<group>"; };
		3FE7E0ED2328ECD3001AE272 /* AccountsVC.swift */ = {isa = PBXFileReference; lastKnownFileType = sourcecode.swift; path = AccountsVC.swift; sourceTree = "<group>"; };
		3FE7E0EF2328ECDF001AE272 /* AccountDetailVC.swift */ = {isa = PBXFileReference; lastKnownFileType = sourcecode.swift; path = AccountDetailVC.swift; sourceTree = "<group>"; };
		3FE7E0F22328F0AC001AE272 /* StateEnvironnement.swift */ = {isa = PBXFileReference; lastKnownFileType = sourcecode.swift; path = StateEnvironnement.swift; sourceTree = "<group>"; };
		3FE7E0F42328F3E2001AE272 /* BankInfos.swift */ = {isa = PBXFileReference; lastKnownFileType = sourcecode.swift; path = BankInfos.swift; sourceTree = "<group>"; };
		3FE7E0F62328F540001AE272 /* VMAccountsDisplay.swift */ = {isa = PBXFileReference; lastKnownFileType = sourcecode.swift; path = VMAccountsDisplay.swift; sourceTree = "<group>"; };
		3FE7E0F8232911A4001AE272 /* Int+Bool.swift */ = {isa = PBXFileReference; lastKnownFileType = sourcecode.swift; path = "Int+Bool.swift"; sourceTree = "<group>"; };
		3FE7E0FB23292F53001AE272 /* BankCell.swift */ = {isa = PBXFileReference; lastKnownFileType = sourcecode.swift; path = BankCell.swift; sourceTree = "<group>"; };
		3FE7E0FD2329374A001AE272 /* AccountCell.swift */ = {isa = PBXFileReference; lastKnownFileType = sourcecode.swift; path = AccountCell.swift; sourceTree = "<group>"; };
/* End PBXFileReference section */

/* Begin PBXFrameworksBuildPhase section */
		3FE7E0D02328E013001AE272 /* Frameworks */ = {
			isa = PBXFrameworksBuildPhase;
			buildActionMask = 2147483647;
			files = (
			);
			runOnlyForDeploymentPostprocessing = 0;
		};
/* End PBXFrameworksBuildPhase section */

/* Begin PBXGroup section */
		3FE7E0CA2328E013001AE272 = {
			isa = PBXGroup;
			children = (
				3FE7E0D52328E013001AE272 /* Bank */,
				3FE7E0D42328E013001AE272 /* Products */,
			);
			sourceTree = "<group>";
		};
		3FE7E0D42328E013001AE272 /* Products */ = {
			isa = PBXGroup;
			children = (
				3FE7E0D32328E013001AE272 /* Bank.app */,
			);
			name = Products;
			sourceTree = "<group>";
		};
		3FE7E0D52328E013001AE272 /* Bank */ = {
			isa = PBXGroup;
			children = (
				3FE7E0FA232911BE001AE272 /* Extensions */,
				3FE7E0EA2328EC94001AE272 /* Services */,
				3FE7E0E92328EC8D001AE272 /* Modele */,
				3FE7E0E82328EC82001AE272 /* Views */,
				3FE7E0D62328E013001AE272 /* AppDelegate.swift */,
				3FE7E0D82328E013001AE272 /* ViewController.swift */,
				3FE7E0DA2328E013001AE272 /* Main.storyboard */,
				3FE7E0DD2328E015001AE272 /* Assets.xcassets */,
				3FE7E0DF2328E015001AE272 /* LaunchScreen.storyboard */,
				3FE7E0E22328E015001AE272 /* Info.plist */,
			);
			path = Bank;
			sourceTree = "<group>";
		};
		3FE7E0E82328EC82001AE272 /* Views */ = {
			isa = PBXGroup;
			children = (
				3FE7E0F12328EE1D001AE272 /* MVVModule */,
				3FE7E0ED2328ECD3001AE272 /* AccountsVC.swift */,
				3FE7E0EF2328ECDF001AE272 /* AccountDetailVC.swift */,
				3FE7E0FB23292F53001AE272 /* BankCell.swift */,
				3FE7E0FD2329374A001AE272 /* AccountCell.swift */,
			);
			path = Views;
			sourceTree = "<group>";
		};
		3FE7E0E92328EC8D001AE272 /* Modele */ = {
			isa = PBXGroup;
			children = (
				3FE7E0F42328F3E2001AE272 /* BankInfos.swift */,
			);
			path = Modele;
			sourceTree = "<group>";
		};
		3FE7E0EA2328EC94001AE272 /* Services */ = {
			isa = PBXGroup;
			children = (
				3FE7E0EB2328ECA7001AE272 /* Store.swift */,
				3FE7E0F22328F0AC001AE272 /* StateEnvironnement.swift */,
			);
			path = Services;
			sourceTree = "<group>";
		};
		3FE7E0F12328EE1D001AE272 /* MVVModule */ = {
			isa = PBXGroup;
			children = (
				3FE7E0F62328F540001AE272 /* VMAccountsDisplay.swift */,
			);
			path = MVVModule;
			sourceTree = "<group>";
		};
		3FE7E0FA232911BE001AE272 /* Extensions */ = {
			isa = PBXGroup;
			children = (
				3FE7E0F8232911A4001AE272 /* Int+Bool.swift */,
			);
			path = Extensions;
			sourceTree = "<group>";
		};
/* End PBXGroup section */

/* Begin PBXNativeTarget section */
		3FE7E0D22328E013001AE272 /* Bank */ = {
			isa = PBXNativeTarget;
			buildConfigurationList = 3FE7E0E52328E015001AE272 /* Build configuration list for PBXNativeTarget "Bank" */;
			buildPhases = (
				3FE7E0CF2328E013001AE272 /* Sources */,
				3FE7E0D02328E013001AE272 /* Frameworks */,
				3FE7E0D12328E013001AE272 /* Resources */,
			);
			buildRules = (
			);
			dependencies = (
			);
			name = Bank;
			productName = Bank;
			productReference = 3FE7E0D32328E013001AE272 /* Bank.app */;
			productType = "com.apple.product-type.application";
		};
/* End PBXNativeTarget section */

/* Begin PBXProject section */
		3FE7E0CB2328E013001AE272 /* Project object */ = {
			isa = PBXProject;
			attributes = {
				LastSwiftUpdateCheck = 1030;
				LastUpgradeCheck = 1030;
				ORGANIZATIONNAME = "Olivier Adin";
				TargetAttributes = {
					3FE7E0D22328E013001AE272 = {
						CreatedOnToolsVersion = 10.3;
					};
				};
			};
			buildConfigurationList = 3FE7E0CE2328E013001AE272 /* Build configuration list for PBXProject "Bank" */;
			compatibilityVersion = "Xcode 9.3";
			developmentRegion = en;
			hasScannedForEncodings = 0;
			knownRegions = (
				en,
				Base,
			);
			mainGroup = 3FE7E0CA2328E013001AE272;
			productRefGroup = 3FE7E0D42328E013001AE272 /* Products */;
			projectDirPath = "";
			projectRoot = "";
			targets = (
				3FE7E0D22328E013001AE272 /* Bank */,
			);
		};
/* End PBXProject section */

/* Begin PBXResourcesBuildPhase section */
		3FE7E0D12328E013001AE272 /* Resources */ = {
			isa = PBXResourcesBuildPhase;
			buildActionMask = 2147483647;
			files = (
				3FE7E0E12328E015001AE272 /* LaunchScreen.storyboard in Resources */,
				3FE7E0DE2328E015001AE272 /* Assets.xcassets in Resources */,
				3FE7E0DC2328E013001AE272 /* Main.storyboard in Resources */,
			);
			runOnlyForDeploymentPostprocessing = 0;
		};
/* End PBXResourcesBuildPhase section */

/* Begin PBXSourcesBuildPhase section */
		3FE7E0CF2328E013001AE272 /* Sources */ = {
			isa = PBXSourcesBuildPhase;
			buildActionMask = 2147483647;
			files = (
				3FE7E0F9232911A4001AE272 /* Int+Bool.swift in Sources */,
				3FE7E0F32328F0AC001AE272 /* StateEnvironnement.swift in Sources */,
				3FE7E0EE2328ECD3001AE272 /* AccountsVC.swift in Sources */,
				3FE7E0EC2328ECA7001AE272 /* Store.swift in Sources */,
				3FE7E0F72328F540001AE272 /* VMAccountsDisplay.swift in Sources */,
				3FE7E0F52328F3E2001AE272 /* BankInfos.swift in Sources */,
				3FE7E0F02328ECDF001AE272 /* AccountDetailVC.swift in Sources */,
				3FE7E0FC23292F53001AE272 /* BankCell.swift in Sources */,
				3FE7E0D92328E013001AE272 /* ViewController.swift in Sources */,
				3FE7E0FE2329374A001AE272 /* AccountCell.swift in Sources */,
				3FE7E0D72328E013001AE272 /* AppDelegate.swift in Sources */,
			);
			runOnlyForDeploymentPostprocessing = 0;
		};
/* End PBXSourcesBuildPhase section */

/* Begin PBXVariantGroup section */
		3FE7E0DA2328E013001AE272 /* Main.storyboard */ = {
			isa = PBXVariantGroup;
			children = (
				3FE7E0DB2328E013001AE272 /* Base */,
			);
			name = Main.storyboard;
			sourceTree = "<group>";
		};
		3FE7E0DF2328E015001AE272 /* LaunchScreen.storyboard */ = {
			isa = PBXVariantGroup;
			children = (
				3FE7E0E02328E015001AE272 /* Base */,
			);
			name = LaunchScreen.storyboard;
			sourceTree = "<group>";
		};
/* End PBXVariantGroup section */

/* Begin XCBuildConfiguration section */
		3FE7E0E32328E015001AE272 /* Debug */ = {
			isa = XCBuildConfiguration;
			buildSettings = {
				ALWAYS_SEARCH_USER_PATHS = NO;
				CLANG_ANALYZER_NONNULL = YES;
				CLANG_ANALYZER_NUMBER_OBJECT_CONVERSION = YES_AGGRESSIVE;
				CLANG_CXX_LANGUAGE_STANDARD = "gnu++14";
				CLANG_CXX_LIBRARY = "libc++";
				CLANG_ENABLE_MODULES = YES;
				CLANG_ENABLE_OBJC_ARC = YES;
				CLANG_ENABLE_OBJC_WEAK = YES;
				CLANG_WARN_BLOCK_CAPTURE_AUTORELEASING = YES;
				CLANG_WARN_BOOL_CONVERSION = YES;
				CLANG_WARN_COMMA = YES;
				CLANG_WARN_CONSTANT_CONVERSION = YES;
				CLANG_WARN_DEPRECATED_OBJC_IMPLEMENTATIONS = YES;
				CLANG_WARN_DIRECT_OBJC_ISA_USAGE = YES_ERROR;
				CLANG_WARN_DOCUMENTATION_COMMENTS = YES;
				CLANG_WARN_EMPTY_BODY = YES;
				CLANG_WARN_ENUM_CONVERSION = YES;
				CLANG_WARN_INFINITE_RECURSION = YES;
				CLANG_WARN_INT_CONVERSION = YES;
				CLANG_WARN_NON_LITERAL_NULL_CONVERSION = YES;
				CLANG_WARN_OBJC_IMPLICIT_RETAIN_SELF = YES;
				CLANG_WARN_OBJC_LITERAL_CONVERSION = YES;
				CLANG_WARN_OBJC_ROOT_CLASS = YES_ERROR;
				CLANG_WARN_RANGE_LOOP_ANALYSIS = YES;
				CLANG_WARN_STRICT_PROTOTYPES = YES;
				CLANG_WARN_SUSPICIOUS_MOVE = YES;
				CLANG_WARN_UNGUARDED_AVAILABILITY = YES_AGGRESSIVE;
				CLANG_WARN_UNREACHABLE_CODE = YES;
				CLANG_WARN__DUPLICATE_METHOD_MATCH = YES;
				CODE_SIGN_IDENTITY = "iPhone Developer";
				COPY_PHASE_STRIP = NO;
				DEBUG_INFORMATION_FORMAT = dwarf;
				ENABLE_STRICT_OBJC_MSGSEND = YES;
				ENABLE_TESTABILITY = YES;
				GCC_C_LANGUAGE_STANDARD = gnu11;
				GCC_DYNAMIC_NO_PIC = NO;
				GCC_NO_COMMON_BLOCKS = YES;
				GCC_OPTIMIZATION_LEVEL = 0;
				GCC_PREPROCESSOR_DEFINITIONS = (
					"DEBUG=1",
					"$(inherited)",
				);
				GCC_WARN_64_TO_32_BIT_CONVERSION = YES;
				GCC_WARN_ABOUT_RETURN_TYPE = YES_ERROR;
				GCC_WARN_UNDECLARED_SELECTOR = YES;
				GCC_WARN_UNINITIALIZED_AUTOS = YES_AGGRESSIVE;
				GCC_WARN_UNUSED_FUNCTION = YES;
				GCC_WARN_UNUSED_VARIABLE = YES;
				IPHONEOS_DEPLOYMENT_TARGET = 12.4;
				MTL_ENABLE_DEBUG_INFO = INCLUDE_SOURCE;
				MTL_FAST_MATH = YES;
				ONLY_ACTIVE_ARCH = YES;
				SDKROOT = iphoneos;
				SWIFT_ACTIVE_COMPILATION_CONDITIONS = DEBUG;
				SWIFT_OPTIMIZATION_LEVEL = "-Onone";
			};
			name = Debug;
		};
		3FE7E0E42328E015001AE272 /* Release */ = {
			isa = XCBuildConfiguration;
			buildSettings = {
				ALWAYS_SEARCH_USER_PATHS = NO;
				CLANG_ANALYZER_NONNULL = YES;
				CLANG_ANALYZER_NUMBER_OBJECT_CONVERSION = YES_AGGRESSIVE;
				CLANG_CXX_LANGUAGE_STANDARD = "gnu++14";
				CLANG_CXX_LIBRARY = "libc++";
				CLANG_ENABLE_MODULES = YES;
				CLANG_ENABLE_OBJC_ARC = YES;
				CLANG_ENABLE_OBJC_WEAK = YES;
				CLANG_WARN_BLOCK_CAPTURE_AUTORELEASING = YES;
				CLANG_WARN_BOOL_CONVERSION = YES;
				CLANG_WARN_COMMA = YES;
				CLANG_WARN_CONSTANT_CONVERSION = YES;
				CLANG_WARN_DEPRECATED_OBJC_IMPLEMENTATIONS = YES;
				CLANG_WARN_DIRECT_OBJC_ISA_USAGE = YES_ERROR;
				CLANG_WARN_DOCUMENTATION_COMMENTS = YES;
				CLANG_WARN_EMPTY_BODY = YES;
				CLANG_WARN_ENUM_CONVERSION = YES;
				CLANG_WARN_INFINITE_RECURSION = YES;
				CLANG_WARN_INT_CONVERSION = YES;
				CLANG_WARN_NON_LITERAL_NULL_CONVERSION = YES;
				CLANG_WARN_OBJC_IMPLICIT_RETAIN_SELF = YES;
				CLANG_WARN_OBJC_LITERAL_CONVERSION = YES;
				CLANG_WARN_OBJC_ROOT_CLASS = YES_ERROR;
				CLANG_WARN_RANGE_LOOP_ANALYSIS = YES;
				CLANG_WARN_STRICT_PROTOTYPES = YES;
				CLANG_WARN_SUSPICIOUS_MOVE = YES;
				CLANG_WARN_UNGUARDED_AVAILABILITY = YES_AGGRESSIVE;
				CLANG_WARN_UNREACHABLE_CODE = YES;
				CLANG_WARN__DUPLICATE_METHOD_MATCH = YES;
				CODE_SIGN_IDENTITY = "iPhone Developer";
				COPY_PHASE_STRIP = NO;
				DEBUG_INFORMATION_FORMAT = "dwarf-with-dsym";
				ENABLE_NS_ASSERTIONS = NO;
				ENABLE_STRICT_OBJC_MSGSEND = YES;
				GCC_C_LANGUAGE_STANDARD = gnu11;
				GCC_NO_COMMON_BLOCKS = YES;
				GCC_WARN_64_TO_32_BIT_CONVERSION = YES;
				GCC_WARN_ABOUT_RETURN_TYPE = YES_ERROR;
				GCC_WARN_UNDECLARED_SELECTOR = YES;
				GCC_WARN_UNINITIALIZED_AUTOS = YES_AGGRESSIVE;
				GCC_WARN_UNUSED_FUNCTION = YES;
				GCC_WARN_UNUSED_VARIABLE = YES;
				IPHONEOS_DEPLOYMENT_TARGET = 12.4;
				MTL_ENABLE_DEBUG_INFO = NO;
				MTL_FAST_MATH = YES;
				SDKROOT = iphoneos;
				SWIFT_COMPILATION_MODE = wholemodule;
				SWIFT_OPTIMIZATION_LEVEL = "-O";
				VALIDATE_PRODUCT = YES;
			};
			name = Release;
		};
		3FE7E0E62328E015001AE272 /* Debug */ = {
			isa = XCBuildConfiguration;
			buildSettings = {
				ASSETCATALOG_COMPILER_APPICON_NAME = AppIcon;
				CODE_SIGN_STYLE = Automatic;
				DEVELOPMENT_TEAM = L5D64JJ789;
				INFOPLIST_FILE = Bank/Info.plist;
				LD_RUNPATH_SEARCH_PATHS = (
					"$(inherited)",
					"@executable_path/Frameworks",
				);
				PRODUCT_BUNDLE_IDENTIFIER = com.olivier.bank.Bank;
				PRODUCT_NAME = "$(TARGET_NAME)";
				SWIFT_VERSION = 5.0;
				TARGETED_DEVICE_FAMILY = "1,2";
			};
			name = Debug;
		};
		3FE7E0E72328E015001AE272 /* Release */ = {
			isa = XCBuildConfiguration;
			buildSettings = {
				ASSETCATALOG_COMPILER_APPICON_NAME = AppIcon;
				CODE_SIGN_STYLE = Automatic;
				DEVELOPMENT_TEAM = L5D64JJ789;
				INFOPLIST_FILE = Bank/Info.plist;
				LD_RUNPATH_SEARCH_PATHS = (
					"$(inherited)",
					"@executable_path/Frameworks",
				);
				PRODUCT_BUNDLE_IDENTIFIER = com.olivier.bank.Bank;
				PRODUCT_NAME = "$(TARGET_NAME)";
				SWIFT_VERSION = 5.0;
				TARGETED_DEVICE_FAMILY = "1,2";
			};
			name = Release;
		};
/* End XCBuildConfiguration section */

/* Begin XCConfigurationList section */
		3FE7E0CE2328E013001AE272 /* Build configuration list for PBXProject "Bank" */ = {
			isa = XCConfigurationList;
			buildConfigurations = (
				3FE7E0E32328E015001AE272 /* Debug */,
				3FE7E0E42328E015001AE272 /* Release */,
			);
			defaultConfigurationIsVisible = 0;
			defaultConfigurationName = Release;
		};
		3FE7E0E52328E015001AE272 /* Build configuration list for PBXNativeTarget "Bank" */ = {
			isa = XCConfigurationList;
			buildConfigurations = (
				3FE7E0E62328E015001AE272 /* Debug */,
				3FE7E0E72328E015001AE272 /* Release */,
			);
			defaultConfigurationIsVisible = 0;
			defaultConfigurationName = Release;
		};
/* End XCConfigurationList section */
	};
	rootObject = 3FE7E0CB2328E013001AE272 /* Project object */;
}
